// !$*UTF8*$!
{
	archiveVersion = 1;
	classes = {
	};
	objectVersion = 50;
	objects = {

/* Begin PBXBuildFile section */
		300CDF0B25407AD800DE7A29 /* AppDelegate.swift in Sources */ = {isa = PBXBuildFile; fileRef = 300CDF0A25407AD800DE7A29 /* AppDelegate.swift */; };
		300CDF0D25407AD800DE7A29 /* SceneDelegate.swift in Sources */ = {isa = PBXBuildFile; fileRef = 300CDF0C25407AD800DE7A29 /* SceneDelegate.swift */; };
		300CDF1225407AD800DE7A29 /* Main.storyboard in Resources */ = {isa = PBXBuildFile; fileRef = 300CDF1025407AD800DE7A29 /* Main.storyboard */; };
		300CDF1425407ADC00DE7A29 /* Assets.xcassets in Resources */ = {isa = PBXBuildFile; fileRef = 300CDF1325407ADC00DE7A29 /* Assets.xcassets */; };
		300CDF1725407ADC00DE7A29 /* LaunchScreen.storyboard in Resources */ = {isa = PBXBuildFile; fileRef = 300CDF1525407ADC00DE7A29 /* LaunchScreen.storyboard */; };
		300CDF2125407F5100DE7A29 /* TaskTableViewController.swift in Sources */ = {isa = PBXBuildFile; fileRef = 300CDF2025407F5100DE7A29 /* TaskTableViewController.swift */; };
		300CDF2625409D8C00DE7A29 /* Task.swift in Sources */ = {isa = PBXBuildFile; fileRef = 300CDF2525409D8C00DE7A29 /* Task.swift */; };
		300CDF2925409F2C00DE7A29 /* TaskStore.swift in Sources */ = {isa = PBXBuildFile; fileRef = 300CDF2825409F2C00DE7A29 /* TaskStore.swift */; };
		30C00B1B2541EE7A00A955D2 /* TaskUtility.swift in Sources */ = {isa = PBXBuildFile; fileRef = 30C00B1A2541EE7A00A955D2 /* TaskUtility.swift */; };
/* End PBXBuildFile section */

/* Begin PBXFileReference section */
		300CDF0725407AD800DE7A29 /* AgendaList.app */ = {isa = PBXFileReference; explicitFileType = wrapper.application; includeInIndex = 0; path = AgendaList.app; sourceTree = BUILT_PRODUCTS_DIR; };
		300CDF0A25407AD800DE7A29 /* AppDelegate.swift */ = {isa = PBXFileReference; lastKnownFileType = sourcecode.swift; path = AppDelegate.swift; sourceTree = "<group>"; };
		300CDF0C25407AD800DE7A29 /* SceneDelegate.swift */ = {isa = PBXFileReference; lastKnownFileType = sourcecode.swift; path = SceneDelegate.swift; sourceTree = "<group>"; };
		300CDF1125407AD800DE7A29 /* Base */ = {isa = PBXFileReference; lastKnownFileType = file.storyboard; name = Base; path = Base.lproj/Main.storyboard; sourceTree = "<group>"; };
		300CDF1325407ADC00DE7A29 /* Assets.xcassets */ = {isa = PBXFileReference; lastKnownFileType = folder.assetcatalog; path = Assets.xcassets; sourceTree = "<group>"; };
		300CDF1625407ADC00DE7A29 /* Base */ = {isa = PBXFileReference; lastKnownFileType = file.storyboard; name = Base; path = Base.lproj/LaunchScreen.storyboard; sourceTree = "<group>"; };
		300CDF1825407ADC00DE7A29 /* Info.plist */ = {isa = PBXFileReference; lastKnownFileType = text.plist.xml; path = Info.plist; sourceTree = "<group>"; };
		300CDF2025407F5100DE7A29 /* TaskTableViewController.swift */ = {isa = PBXFileReference; lastKnownFileType = sourcecode.swift; path = TaskTableViewController.swift; sourceTree = "<group>"; };
		300CDF2525409D8C00DE7A29 /* Task.swift */ = {isa = PBXFileReference; lastKnownFileType = sourcecode.swift; path = Task.swift; sourceTree = "<group>"; };
		300CDF2825409F2C00DE7A29 /* TaskStore.swift */ = {isa = PBXFileReference; lastKnownFileType = sourcecode.swift; path = TaskStore.swift; sourceTree = "<group>"; };
		30C00B1A2541EE7A00A955D2 /* TaskUtility.swift */ = {isa = PBXFileReference; lastKnownFileType = sourcecode.swift; path = TaskUtility.swift; sourceTree = "<group>"; };
/* End PBXFileReference section */

/* Begin PBXFrameworksBuildPhase section */
		300CDF0425407AD800DE7A29 /* Frameworks */ = {
			isa = PBXFrameworksBuildPhase;
			buildActionMask = 2147483647;
			files = (
			);
			runOnlyForDeploymentPostprocessing = 0;
		};
/* End PBXFrameworksBuildPhase section */

/* Begin PBXGroup section */
		300CDEFE25407AD800DE7A29 = {
			isa = PBXGroup;
			children = (
				300CDF0925407AD800DE7A29 /* AgendaList */,
				300CDF0825407AD800DE7A29 /* Products */,
			);
			sourceTree = "<group>";
		};
		300CDF0825407AD800DE7A29 /* Products */ = {
			isa = PBXGroup;
			children = (
				300CDF0725407AD800DE7A29 /* AgendaList.app */,
			);
			name = Products;
			sourceTree = "<group>";
		};
		300CDF0925407AD800DE7A29 /* AgendaList */ = {
			isa = PBXGroup;
			children = (
				30C00B192541EDE500A955D2 /* view */,
				30C00B182541EDDF00A955D2 /* models */,
				30C00B172541EDD600A955D2 /* Helpers */,
				30C00B162541EDB700A955D2 /* Controllers */,
				300CDF0A25407AD800DE7A29 /* AppDelegate.swift */,
				300CDF0C25407AD800DE7A29 /* SceneDelegate.swift */,
				300CDF1325407ADC00DE7A29 /* Assets.xcassets */,
				300CDF1525407ADC00DE7A29 /* LaunchScreen.storyboard */,
				300CDF1825407ADC00DE7A29 /* Info.plist */,
			);
			path = AgendaList;
			sourceTree = "<group>";
		};
		30C00B162541EDB700A955D2 /* Controllers */ = {
			isa = PBXGroup;
			children = (
				300CDF2025407F5100DE7A29 /* TaskTableViewController.swift */,
			);
			path = Controllers;
			sourceTree = "<group>";
		};
		30C00B172541EDD600A955D2 /* Helpers */ = {
			isa = PBXGroup;
			children = (
				300CDF2825409F2C00DE7A29 /* TaskStore.swift */,
				30C00B1A2541EE7A00A955D2 /* TaskUtility.swift */,
			);
			path = Helpers;
			sourceTree = "<group>";
		};
		30C00B182541EDDF00A955D2 /* models */ = {
			isa = PBXGroup;
			children = (
				300CDF2525409D8C00DE7A29 /* Task.swift */,
			);
			path = models;
			sourceTree = "<group>";
		};
		30C00B192541EDE500A955D2 /* view */ = {
			isa = PBXGroup;
			children = (
				300CDF1025407AD800DE7A29 /* Main.storyboard */,
			);
			path = view;
			sourceTree = "<group>";
		};
/* End PBXGroup section */

/* Begin PBXNativeTarget section */
		300CDF0625407AD800DE7A29 /* AgendaList */ = {
			isa = PBXNativeTarget;
			buildConfigurationList = 300CDF1B25407ADD00DE7A29 /* Build configuration list for PBXNativeTarget "AgendaList" */;
			buildPhases = (
				300CDF0325407AD800DE7A29 /* Sources */,
				300CDF0425407AD800DE7A29 /* Frameworks */,
				300CDF0525407AD800DE7A29 /* Resources */,
			);
			buildRules = (
			);
			dependencies = (
			);
			name = AgendaList;
			productName = AgendaList;
			productReference = 300CDF0725407AD800DE7A29 /* AgendaList.app */;
			productType = "com.apple.product-type.application";
		};
/* End PBXNativeTarget section */

/* Begin PBXProject section */
		300CDEFF25407AD800DE7A29 /* Project object */ = {
			isa = PBXProject;
			attributes = {
				LastSwiftUpdateCheck = 1200;
				LastUpgradeCheck = 1200;
				TargetAttributes = {
					300CDF0625407AD800DE7A29 = {
						CreatedOnToolsVersion = 12.0.1;
					};
				};
			};
			buildConfigurationList = 300CDF0225407AD800DE7A29 /* Build configuration list for PBXProject "AgendaList" */;
			compatibilityVersion = "Xcode 9.3";
			developmentRegion = en;
			hasScannedForEncodings = 0;
			knownRegions = (
				en,
				Base,
			);
			mainGroup = 300CDEFE25407AD800DE7A29;
			productRefGroup = 300CDF0825407AD800DE7A29 /* Products */;
			projectDirPath = "";
			projectRoot = "";
			targets = (
				300CDF0625407AD800DE7A29 /* AgendaList */,
			);
		};
/* End PBXProject section */

/* Begin PBXResourcesBuildPhase section */
		300CDF0525407AD800DE7A29 /* Resources */ = {
			isa = PBXResourcesBuildPhase;
			buildActionMask = 2147483647;
			files = (
				300CDF1725407ADC00DE7A29 /* LaunchScreen.storyboard in Resources */,
				300CDF1425407ADC00DE7A29 /* Assets.xcassets in Resources */,
				300CDF1225407AD800DE7A29 /* Main.storyboard in Resources */,
			);
			runOnlyForDeploymentPostprocessing = 0;
		};
/* End PBXResourcesBuildPhase section */

/* Begin PBXSourcesBuildPhase section */
		300CDF0325407AD800DE7A29 /* Sources */ = {
			isa = PBXSourcesBuildPhase;
			buildActionMask = 2147483647;
			files = (
				300CDF2925409F2C00DE7A29 /* TaskStore.swift in Sources */,
				300CDF2625409D8C00DE7A29 /* Task.swift in Sources */,
				300CDF2125407F5100DE7A29 /* TaskTableViewController.swift in Sources */,
				30C00B1B2541EE7A00A955D2 /* TaskUtility.swift in Sources */,
				300CDF0B25407AD800DE7A29 /* AppDelegate.swift in Sources */,
				300CDF0D25407AD800DE7A29 /* SceneDelegate.swift in Sources */,
			);
			runOnlyForDeploymentPostprocessing = 0;
		};
/* End PBXSourcesBuildPhase section */

/* Begin PBXVariantGroup section */
		300CDF1025407AD800DE7A29 /* Main.storyboard */ = {
			isa = PBXVariantGroup;
			children = (
				300CDF1125407AD800DE7A29 /* Base */,
			);
			name = Main.storyboard;
			sourceTree = "<group>";
		};
		300CDF1525407ADC00DE7A29 /* LaunchScreen.storyboard */ = {
			isa = PBXVariantGroup;
			children = (
				300CDF1625407ADC00DE7A29 /* Base */,
			);
			name = LaunchScreen.storyboard;
			sourceTree = "<group>";
		};
/* End PBXVariantGroup section */

/* Begin XCBuildConfiguration section */
		300CDF1925407ADC00DE7A29 /* Debug */ = {
			isa = XCBuildConfiguration;
			buildSettings = {
				ALWAYS_SEARCH_USER_PATHS = NO;
				CLANG_ANALYZER_NONNULL = YES;
				CLANG_ANALYZER_NUMBER_OBJECT_CONVERSION = YES_AGGRESSIVE;
				CLANG_CXX_LANGUAGE_STANDARD = "gnu++14";
				CLANG_CXX_LIBRARY = "libc++";
				CLANG_ENABLE_MODULES = YES;
				CLANG_ENABLE_OBJC_ARC = YES;
				CLANG_ENABLE_OBJC_WEAK = YES;
				CLANG_WARN_BLOCK_CAPTURE_AUTORELEASING = YES;
				CLANG_WARN_BOOL_CONVERSION = YES;
				CLANG_WARN_COMMA = YES;
				CLANG_WARN_CONSTANT_CONVERSION = YES;
				CLANG_WARN_DEPRECATED_OBJC_IMPLEMENTATIONS = YES;
				CLANG_WARN_DIRECT_OBJC_ISA_USAGE = YES_ERROR;
				CLANG_WARN_DOCUMENTATION_COMMENTS = YES;
				CLANG_WARN_EMPTY_BODY = YES;
				CLANG_WARN_ENUM_CONVERSION = YES;
				CLANG_WARN_INFINITE_RECURSION = YES;
				CLANG_WARN_INT_CONVERSION = YES;
				CLANG_WARN_NON_LITERAL_NULL_CONVERSION = YES;
				CLANG_WARN_OBJC_IMPLICIT_RETAIN_SELF = YES;
				CLANG_WARN_OBJC_LITERAL_CONVERSION = YES;
				CLANG_WARN_OBJC_ROOT_CLASS = YES_ERROR;
				CLANG_WARN_QUOTED_INCLUDE_IN_FRAMEWORK_HEADER = YES;
				CLANG_WARN_RANGE_LOOP_ANALYSIS = YES;
				CLANG_WARN_STRICT_PROTOTYPES = YES;
				CLANG_WARN_SUSPICIOUS_MOVE = YES;
				CLANG_WARN_UNGUARDED_AVAILABILITY = YES_AGGRESSIVE;
				CLANG_WARN_UNREACHABLE_CODE = YES;
				CLANG_WARN__DUPLICATE_METHOD_MATCH = YES;
				COPY_PHASE_STRIP = NO;
				DEBUG_INFORMATION_FORMAT = dwarf;
				ENABLE_STRICT_OBJC_MSGSEND = YES;
				ENABLE_TESTABILITY = YES;
				GCC_C_LANGUAGE_STANDARD = gnu11;
				GCC_DYNAMIC_NO_PIC = NO;
				GCC_NO_COMMON_BLOCKS = YES;
				GCC_OPTIMIZATION_LEVEL = 0;
				GCC_PREPROCESSOR_DEFINITIONS = (
					"DEBUG=1",
					"$(inherited)",
				);
				GCC_WARN_64_TO_32_BIT_CONVERSION = YES;
				GCC_WARN_ABOUT_RETURN_TYPE = YES_ERROR;
				GCC_WARN_UNDECLARED_SELECTOR = YES;
				GCC_WARN_UNINITIALIZED_AUTOS = YES_AGGRESSIVE;
				GCC_WARN_UNUSED_FUNCTION = YES;
				GCC_WARN_UNUSED_VARIABLE = YES;
				IPHONEOS_DEPLOYMENT_TARGET = 14.0;
				MTL_ENABLE_DEBUG_INFO = INCLUDE_SOURCE;
				MTL_FAST_MATH = YES;
				ONLY_ACTIVE_ARCH = YES;
				SDKROOT = iphoneos;
				SWIFT_ACTIVE_COMPILATION_CONDITIONS = DEBUG;
				SWIFT_OPTIMIZATION_LEVEL = "-Onone";
			};
			name = Debug;
		};
		300CDF1A25407ADC00DE7A29 /* Release */ = {
			isa = XCBuildConfiguration;
			buildSettings = {
				ALWAYS_SEARCH_USER_PATHS = NO;
				CLANG_ANALYZER_NONNULL = YES;
				CLANG_ANALYZER_NUMBER_OBJECT_CONVERSION = YES_AGGRESSIVE;
				CLANG_CXX_LANGUAGE_STANDARD = "gnu++14";
				CLANG_CXX_LIBRARY = "libc++";
				CLANG_ENABLE_MODULES = YES;
				CLANG_ENABLE_OBJC_ARC = YES;
				CLANG_ENABLE_OBJC_WEAK = YES;
				CLANG_WARN_BLOCK_CAPTURE_AUTORELEASING = YES;
				CLANG_WARN_BOOL_CONVERSION = YES;
				CLANG_WARN_COMMA = YES;
				CLANG_WARN_CONSTANT_CONVERSION = YES;
				CLANG_WARN_DEPRECATED_OBJC_IMPLEMENTATIONS = YES;
				CLANG_WARN_DIRECT_OBJC_ISA_USAGE = YES_ERROR;
				CLANG_WARN_DOCUMENTATION_COMMENTS = YES;
				CLANG_WARN_EMPTY_BODY = YES;
				CLANG_WARN_ENUM_CONVERSION = YES;
				CLANG_WARN_INFINITE_RECURSION = YES;
				CLANG_WARN_INT_CONVERSION = YES;
				CLANG_WARN_NON_LITERAL_NULL_CONVERSION = YES;
				CLANG_WARN_OBJC_IMPLICIT_RETAIN_SELF = YES;
				CLANG_WARN_OBJC_LITERAL_CONVERSION = YES;
				CLANG_WARN_OBJC_ROOT_CLASS = YES_ERROR;
				CLANG_WARN_QUOTED_INCLUDE_IN_FRAMEWORK_HEADER = YES;
				CLANG_WARN_RANGE_LOOP_ANALYSIS = YES;
				CLANG_WARN_STRICT_PROTOTYPES = YES;
				CLANG_WARN_SUSPICIOUS_MOVE = YES;
				CLANG_WARN_UNGUARDED_AVAILABILITY = YES_AGGRESSIVE;
				CLANG_WARN_UNREACHABLE_CODE = YES;
				CLANG_WARN__DUPLICATE_METHOD_MATCH = YES;
				COPY_PHASE_STRIP = NO;
				DEBUG_INFORMATION_FORMAT = "dwarf-with-dsym";
				ENABLE_NS_ASSERTIONS = NO;
				ENABLE_STRICT_OBJC_MSGSEND = YES;
				GCC_C_LANGUAGE_STANDARD = gnu11;
				GCC_NO_COMMON_BLOCKS = YES;
				GCC_WARN_64_TO_32_BIT_CONVERSION = YES;
				GCC_WARN_ABOUT_RETURN_TYPE = YES_ERROR;
				GCC_WARN_UNDECLARED_SELECTOR = YES;
				GCC_WARN_UNINITIALIZED_AUTOS = YES_AGGRESSIVE;
				GCC_WARN_UNUSED_FUNCTION = YES;
				GCC_WARN_UNUSED_VARIABLE = YES;
				IPHONEOS_DEPLOYMENT_TARGET = 14.0;
				MTL_ENABLE_DEBUG_INFO = NO;
				MTL_FAST_MATH = YES;
				SDKROOT = iphoneos;
				SWIFT_COMPILATION_MODE = wholemodule;
				SWIFT_OPTIMIZATION_LEVEL = "-O";
				VALIDATE_PRODUCT = YES;
			};
			name = Release;
		};
		300CDF1C25407ADD00DE7A29 /* Debug */ = {
			isa = XCBuildConfiguration;
			buildSettings = {
				ASSETCATALOG_COMPILER_APPICON_NAME = AppIcon;
				ASSETCATALOG_COMPILER_GLOBAL_ACCENT_COLOR_NAME = AccentColor;
				CODE_SIGN_STYLE = Automatic;
				INFOPLIST_FILE = AgendaList/Info.plist;
				LD_RUNPATH_SEARCH_PATHS = (
					"$(inherited)",
					"@executable_path/Frameworks",
				);
				PRODUCT_BUNDLE_IDENTIFIER = com.josrangel.AgendaList;
				PRODUCT_NAME = "$(TARGET_NAME)";
				SWIFT_VERSION = 5.0;
				TARGETED_DEVICE_FAMILY = "1,2";
			};
			name = Debug;
		};
		300CDF1D25407ADD00DE7A29 /* Release */ = {
			isa = XCBuildConfiguration;
			buildSettings = {
				ASSETCATALOG_COMPILER_APPICON_NAME = AppIcon;
				ASSETCATALOG_COMPILER_GLOBAL_ACCENT_COLOR_NAME = AccentColor;
				CODE_SIGN_STYLE = Automatic;
				INFOPLIST_FILE = AgendaList/Info.plist;
				LD_RUNPATH_SEARCH_PATHS = (
					"$(inherited)",
					"@executable_path/Frameworks",
				);
				PRODUCT_BUNDLE_IDENTIFIER = com.josrangel.AgendaList;
				PRODUCT_NAME = "$(TARGET_NAME)";
				SWIFT_VERSION = 5.0;
				TARGETED_DEVICE_FAMILY = "1,2";
			};
			name = Release;
		};
/* End XCBuildConfiguration section */

/* Begin XCConfigurationList section */
		300CDF0225407AD800DE7A29 /* Build configuration list for PBXProject "AgendaList" */ = {
			isa = XCConfigurationList;
			buildConfigurations = (
				300CDF1925407ADC00DE7A29 /* Debug */,
				300CDF1A25407ADC00DE7A29 /* Release */,
			);
			defaultConfigurationIsVisible = 0;
			defaultConfigurationName = Release;
		};
		300CDF1B25407ADD00DE7A29 /* Build configuration list for PBXNativeTarget "AgendaList" */ = {
			isa = XCConfigurationList;
			buildConfigurations = (
				300CDF1C25407ADD00DE7A29 /* Debug */,
				300CDF1D25407ADD00DE7A29 /* Release */,
			);
			defaultConfigurationIsVisible = 0;
			defaultConfigurationName = Release;
		};
/* End XCConfigurationList section */
	};
	rootObject = 300CDEFF25407AD800DE7A29 /* Project object */;
}
